
Microsoft Visual Studio Solution File, Format Version 12.00
# Visual Studio Version 16
VisualStudioVersion = 16.0.30204.135
MinimumVisualStudioVersion = 15.0.26124.0
Project("{9A19103F-16F7-4668-BE54-9A1E7A4F7556}") = "MatatakiBot", "src\MatatakiBot\MatatakiBot.csproj", "{8B21CE41-E2A9-4D8F-9D06-E37C1F4929FB}"
EndProject
Project("{9A19103F-16F7-4668-BE54-9A1E7A4F7556}") = "MatatakiBot.Tests", "tests\MatatakiBot.Tests\MatatakiBot.Tests.csproj", "{9A2FF145-2027-4DB8-8DF1-60768676E0CE}"
EndProject
Project("{2150E333-8FDC-42A3-9474-1A3956D46DE8}") = "Solution Items", "Solution Items", "{BE957D9F-082A-4E57-8A5A-D5A2BB1DBED5}"
	ProjectSection(SolutionItems) = preProject
		.editorconfig = .editorconfig
		Directory.Build.props = Directory.Build.props
	EndProjectSection
EndProject
Project("{FAE04EC0-301F-11D3-BF4B-00C04F79EFBC}") = "MatatakiBot.Core", "src\MatatakiBot.Core\MatatakiBot.Core.csproj", "{188B4426-D091-4891-9E81-71A54482196A}"
EndProject
Project("{2150E333-8FDC-42A3-9474-1A3956D46DE8}") = "Tests", "Tests", "{32CC1BC5-515F-4980-BC19-F3BB58D84A2C}"
EndProject
Project("{9A19103F-16F7-4668-BE54-9A1E7A4F7556}") = "MatatakiBot.Core.Tests", "tests\MatatakiBot.Core.Tests\MatatakiBot.Core.Tests.csproj", "{EE565BA8-26DB-4D4B-84C1-0DB667F39FBE}"
EndProject
Global
	GlobalSection(SolutionConfigurationPlatforms) = preSolution
		Debug|Any CPU = Debug|Any CPU
		Debug|x64 = Debug|x64
		Debug|x86 = Debug|x86
		Release|Any CPU = Release|Any CPU
		Release|x64 = Release|x64
		Release|x86 = Release|x86
	EndGlobalSection
	GlobalSection(ProjectConfigurationPlatforms) = postSolution
		{8B21CE41-E2A9-4D8F-9D06-E37C1F4929FB}.Debug|Any CPU.ActiveCfg = Debug|Any CPU
		{8B21CE41-E2A9-4D8F-9D06-E37C1F4929FB}.Debug|Any CPU.Build.0 = Debug|Any CPU
		{8B21CE41-E2A9-4D8F-9D06-E37C1F4929FB}.Debug|x64.ActiveCfg = Debug|Any CPU
		{8B21CE41-E2A9-4D8F-9D06-E37C1F4929FB}.Debug|x64.Build.0 = Debug|Any CPU
		{8B21CE41-E2A9-4D8F-9D06-E37C1F4929FB}.Debug|x86.ActiveCfg = Debug|Any CPU
		{8B21CE41-E2A9-4D8F-9D06-E37C1F4929FB}.Debug|x86.Build.0 = Debug|Any CPU
		{8B21CE41-E2A9-4D8F-9D06-E37C1F4929FB}.Release|Any CPU.ActiveCfg = Release|Any CPU
		{8B21CE41-E2A9-4D8F-9D06-E37C1F4929FB}.Release|Any CPU.Build.0 = Release|Any CPU
		{8B21CE41-E2A9-4D8F-9D06-E37C1F4929FB}.Release|x64.ActiveCfg = Release|Any CPU
		{8B21CE41-E2A9-4D8F-9D06-E37C1F4929FB}.Release|x64.Build.0 = Release|Any CPU
		{8B21CE41-E2A9-4D8F-9D06-E37C1F4929FB}.Release|x86.ActiveCfg = Release|Any CPU
		{8B21CE41-E2A9-4D8F-9D06-E37C1F4929FB}.Release|x86.Build.0 = Release|Any CPU
		{9A2FF145-2027-4DB8-8DF1-60768676E0CE}.Debug|Any CPU.ActiveCfg = Debug|Any CPU
		{9A2FF145-2027-4DB8-8DF1-60768676E0CE}.Debug|Any CPU.Build.0 = Debug|Any CPU
		{9A2FF145-2027-4DB8-8DF1-60768676E0CE}.Debug|x64.ActiveCfg = Debug|Any CPU
		{9A2FF145-2027-4DB8-8DF1-60768676E0CE}.Debug|x64.Build.0 = Debug|Any CPU
		{9A2FF145-2027-4DB8-8DF1-60768676E0CE}.Debug|x86.ActiveCfg = Debug|Any CPU
		{9A2FF145-2027-4DB8-8DF1-60768676E0CE}.Debug|x86.Build.0 = Debug|Any CPU
		{9A2FF145-2027-4DB8-8DF1-60768676E0CE}.Release|Any CPU.ActiveCfg = Release|Any CPU
		{9A2FF145-2027-4DB8-8DF1-60768676E0CE}.Release|Any CPU.Build.0 = Release|Any CPU
		{9A2FF145-2027-4DB8-8DF1-60768676E0CE}.Release|x64.ActiveCfg = Release|Any CPU
		{9A2FF145-2027-4DB8-8DF1-60768676E0CE}.Release|x64.Build.0 = Release|Any CPU
		{9A2FF145-2027-4DB8-8DF1-60768676E0CE}.Release|x86.ActiveCfg = Release|Any CPU
		{9A2FF145-2027-4DB8-8DF1-60768676E0CE}.Release|x86.Build.0 = Release|Any CPU
		{188B4426-D091-4891-9E81-71A54482196A}.Debug|Any CPU.ActiveCfg = Debug|Any CPU
		{188B4426-D091-4891-9E81-71A54482196A}.Debug|Any CPU.Build.0 = Debug|Any CPU
		{188B4426-D091-4891-9E81-71A54482196A}.Debug|x64.ActiveCfg = Debug|Any CPU
		{188B4426-D091-4891-9E81-71A54482196A}.Debug|x64.Build.0 = Debug|Any CPU
		{188B4426-D091-4891-9E81-71A54482196A}.Debug|x86.ActiveCfg = Debug|Any CPU
		{188B4426-D091-4891-9E81-71A54482196A}.Debug|x86.Build.0 = Debug|Any CPU
		{188B4426-D091-4891-9E81-71A54482196A}.Release|Any CPU.ActiveCfg = Release|Any CPU
		{188B4426-D091-4891-9E81-71A54482196A}.Release|Any CPU.Build.0 = Release|Any CPU
		{188B4426-D091-4891-9E81-71A54482196A}.Release|x64.ActiveCfg = Release|Any CPU
		{188B4426-D091-4891-9E81-71A54482196A}.Release|x64.Build.0 = Release|Any CPU
		{188B4426-D091-4891-9E81-71A54482196A}.Release|x86.ActiveCfg = Release|Any CPU
		{188B4426-D091-4891-9E81-71A54482196A}.Release|x86.Build.0 = Release|Any CPU
		{EE565BA8-26DB-4D4B-84C1-0DB667F39FBE}.Debug|Any CPU.ActiveCfg = Debug|Any CPU
		{EE565BA8-26DB-4D4B-84C1-0DB667F39FBE}.Debug|Any CPU.Build.0 = Debug|Any CPU
		{EE565BA8-26DB-4D4B-84C1-0DB667F39FBE}.Debug|x64.ActiveCfg = Debug|Any CPU
		{EE565BA8-26DB-4D4B-84C1-0DB667F39FBE}.Debug|x64.Build.0 = Debug|Any CPU
		{EE565BA8-26DB-4D4B-84C1-0DB667F39FBE}.Debug|x86.ActiveCfg = Debug|Any CPU
		{EE565BA8-26DB-4D4B-84C1-0DB667F39FBE}.Debug|x86.Build.0 = Debug|Any CPU
		{EE565BA8-26DB-4D4B-84C1-0DB667F39FBE}.Release|Any CPU.ActiveCfg = Release|Any CPU
		{EE565BA8-26DB-4D4B-84C1-0DB667F39FBE}.Release|Any CPU.Build.0 = Release|Any CPU
		{EE565BA8-26DB-4D4B-84C1-0DB667F39FBE}.Release|x64.ActiveCfg = Release|Any CPU
		{EE565BA8-26DB-4D4B-84C1-0DB667F39FBE}.Release|x64.Build.0 = Release|Any CPU
		{EE565BA8-26DB-4D4B-84C1-0DB667F39FBE}.Release|x86.ActiveCfg = Release|Any CPU
		{EE565BA8-26DB-4D4B-84C1-0DB667F39FBE}.Release|x86.Build.0 = Release|Any CPU
	EndGlobalSection
	GlobalSection(SolutionProperties) = preSolution
		HideSolutionNode = FALSE
	EndGlobalSection
	GlobalSection(NestedProjects) = preSolution
		{9A2FF145-2027-4DB8-8DF1-60768676E0CE} = {32CC1BC5-515F-4980-BC19-F3BB58D84A2C}
		{EE565BA8-26DB-4D4B-84C1-0DB667F39FBE} = {32CC1BC5-515F-4980-BC19-F3BB58D84A2C}
	EndGlobalSection
	GlobalSection(ExtensibilityGlobals) = postSolution
		SolutionGuid = {B529B871-675E-4FAE-9DEB-A6955E8F60A5}
	EndGlobalSection
EndGlobal
